// !$*UTF8*$!
{
	archiveVersion = 1;
	classes = {
	};
	objectVersion = 46;
	objects = {

/* Begin PBXBuildFile section */
		D97A615A1ED7251E00E9E252 /* AppDelegate.swift in Sources */ = {isa = PBXBuildFile; fileRef = D97A61591ED7251E00E9E252 /* AppDelegate.swift */; };
		D97A615C1ED7251E00E9E252 /* ViewController.swift in Sources */ = {isa = PBXBuildFile; fileRef = D97A615B1ED7251E00E9E252 /* ViewController.swift */; };
		D97A615F1ED7251E00E9E252 /* Main.storyboard in Resources */ = {isa = PBXBuildFile; fileRef = D97A615D1ED7251E00E9E252 /* Main.storyboard */; };
		D97A61611ED7251E00E9E252 /* Assets.xcassets in Resources */ = {isa = PBXBuildFile; fileRef = D97A61601ED7251E00E9E252 /* Assets.xcassets */; };
		D97A61641ED7251E00E9E252 /* LaunchScreen.storyboard in Resources */ = {isa = PBXBuildFile; fileRef = D97A61621ED7251E00E9E252 /* LaunchScreen.storyboard */; };
/* End PBXBuildFile section */

/* Begin PBXFileReference section */
		D97A61561ED7251E00E9E252 /* TouchId.app */ = {isa = PBXFileReference; explicitFileType = wrapper.application; includeInIndex = 0; path = TouchId.app; sourceTree = BUILT_PRODUCTS_DIR; };
		D97A61591ED7251E00E9E252 /* AppDelegate.swift */ = {isa = PBXFileReference; lastKnownFileType = sourcecode.swift; path = AppDelegate.swift; sourceTree = "<group>"; };
		D97A615B1ED7251E00E9E252 /* ViewController.swift */ = {isa = PBXFileReference; lastKnownFileType = sourcecode.swift; path = ViewController.swift; sourceTree = "<group>"; };
		D97A615E1ED7251E00E9E252 /* Base */ = {isa = PBXFileReference; lastKnownFileType = file.storyboard; name = Base; path = Base.lproj/Main.storyboard; sourceTree = "<group>"; };
		D97A61601ED7251E00E9E252 /* Assets.xcassets */ = {isa = PBXFileReference; lastKnownFileType = folder.assetcatalog; path = Assets.xcassets; sourceTree = "<group>"; };
		D97A61631ED7251E00E9E252 /* Base */ = {isa = PBXFileReference; lastKnownFileType = file.storyboard; name = Base; path = Base.lproj/LaunchScreen.storyboard; sourceTree = "<group>"; };
		D97A61651ED7251E00E9E252 /* Info.plist */ = {isa = PBXFileReference; lastKnownFileType = text.plist.xml; path = Info.plist; sourceTree = "<group>"; };
/* End PBXFileReference section */

/* Begin PBXFrameworksBuildPhase section */
		D97A61531ED7251E00E9E252 /* Frameworks */ = {
			isa = PBXFrameworksBuildPhase;
			buildActionMask = 2147483647;
			files = (
			);
			runOnlyForDeploymentPostprocessing = 0;
		};
/* End PBXFrameworksBuildPhase section */

/* Begin PBXGroup section */
		D97A614D1ED7251E00E9E252 = {
			isa = PBXGroup;
			children = (
				D97A61581ED7251E00E9E252 /* TouchId */,
				D97A61571ED7251E00E9E252 /* Products */,
			);
			sourceTree = "<group>";
		};
		D97A61571ED7251E00E9E252 /* Products */ = {
			isa = PBXGroup;
			children = (
				D97A61561ED7251E00E9E252 /* TouchId.app */,
			);
			name = Products;
			sourceTree = "<group>";
		};
		D97A61581ED7251E00E9E252 /* TouchId */ = {
			isa = PBXGroup;
			children = (
				D97A61591ED7251E00E9E252 /* AppDelegate.swift */,
				D97A615B1ED7251E00E9E252 /* ViewController.swift */,
				D97A615D1ED7251E00E9E252 /* Main.storyboard */,
				D97A61601ED7251E00E9E252 /* Assets.xcassets */,
				D97A61621ED7251E00E9E252 /* LaunchScreen.storyboard */,
				D97A61651ED7251E00E9E252 /* Info.plist */,
			);
			path = TouchId;
			sourceTree = "<group>";
		};
/* End PBXGroup section */

/* Begin PBXNativeTarget section */
		D97A61551ED7251E00E9E252 /* TouchId */ = {
			isa = PBXNativeTarget;
			buildConfigurationList = D97A61681ED7251E00E9E252 /* Build configuration list for PBXNativeTarget "TouchId" */;
			buildPhases = (
				D97A61521ED7251E00E9E252 /* Sources */,
				D97A61531ED7251E00E9E252 /* Frameworks */,
				D97A61541ED7251E00E9E252 /* Resources */,
			);
			buildRules = (
			);
			dependencies = (
			);
			name = TouchId;
			productName = TouchId;
			productReference = D97A61561ED7251E00E9E252 /* TouchId.app */;
			productType = "com.apple.product-type.application";
		};
/* End PBXNativeTarget section */

/* Begin PBXProject section */
		D97A614E1ED7251E00E9E252 /* Project object */ = {
			isa = PBXProject;
			attributes = {
				LastSwiftUpdateCheck = 0830;
				LastUpgradeCheck = 0830;
				ORGANIZATIONNAME = Narendra;
				TargetAttributes = {
					D97A61551ED7251E00E9E252 = {
						CreatedOnToolsVersion = 8.3.2;
						DevelopmentTeam = AX766J88NA;
						ProvisioningStyle = Automatic;
					};
				};
			};
			buildConfigurationList = D97A61511ED7251E00E9E252 /* Build configuration list for PBXProject "TouchId" */;
			compatibilityVersion = "Xcode 3.2";
			developmentRegion = English;
			hasScannedForEncodings = 0;
			knownRegions = (
				en,
				Base,
			);
			mainGroup = D97A614D1ED7251E00E9E252;
			productRefGroup = D97A61571ED7251E00E9E252 /* Products */;
			projectDirPath = "";
			projectRoot = "";
			targets = (
				D97A61551ED7251E00E9E252 /* TouchId */,
			);
		};
/* End PBXProject section */

/* Begin PBXResourcesBuildPhase section */
		D97A61541ED7251E00E9E252 /* Resources */ = {
			isa = PBXResourcesBuildPhase;
			buildActionMask = 2147483647;
			files = (
				D97A61641ED7251E00E9E252 /* LaunchScreen.storyboard in Resources */,
				D97A61611ED7251E00E9E252 /* Assets.xcassets in Resources */,
				D97A615F1ED7251E00E9E252 /* Main.storyboard in Resources */,
			);
			runOnlyForDeploymentPostprocessing = 0;
		};
/* End PBXResourcesBuildPhase section */

/* Begin PBXSourcesBuildPhase section */
		D97A61521ED7251E00E9E252 /* Sources */ = {
			isa = PBXSourcesBuildPhase;
			buildActionMask = 2147483647;
			files = (
				D97A615C1ED7251E00E9E252 /* ViewController.swift in Sources */,
				D97A615A1ED7251E00E9E252 /* AppDelegate.swift in Sources */,
			);
			runOnlyForDeploymentPostprocessing = 0;
		};
/* End PBXSourcesBuildPhase section */

/* Begin PBXVariantGroup section */
		D97A615D1ED7251E00E9E252 /* Main.storyboard */ = {
			isa = PBXVariantGroup;
			children = (
				D97A615E1ED7251E00E9E252 /* Base */,
			);
			name = Main.storyboard;
			sourceTree = "<group>";
		};
		D97A61621ED7251E00E9E252 /* LaunchScreen.storyboard */ = {
			isa = PBXVariantGroup;
			children = (
				D97A61631ED7251E00E9E252 /* Base */,
			);
			name = LaunchScreen.storyboard;
			sourceTree = "<group>";
		};
/* End PBXVariantGroup section */

/* Begin XCBuildConfiguration section */
		D97A61661ED7251E00E9E252 /* Debug */ = {
			isa = XCBuildConfiguration;
			buildSettings = {
				ALWAYS_SEARCH_USER_PATHS = NO;
				CLANG_ANALYZER_NONNULL = YES;
				CLANG_ANALYZER_NUMBER_OBJECT_CONVERSION = YES_AGGRESSIVE;
				CLANG_CXX_LANGUAGE_STANDARD = "gnu++0x";
				CLANG_CXX_LIBRARY = "libc++";
				CLANG_ENABLE_MODULES = YES;
				CLANG_ENABLE_OBJC_ARC = YES;
				CLANG_WARN_BOOL_CONVERSION = YES;
				CLANG_WARN_CONSTANT_CONVERSION = YES;
				CLANG_WARN_DIRECT_OBJC_ISA_USAGE = YES_ERROR;
				CLANG_WARN_DOCUMENTATION_COMMENTS = YES;
				CLANG_WARN_EMPTY_BODY = YES;
				CLANG_WARN_ENUM_CONVERSION = YES;
				CLANG_WARN_INFINITE_RECURSION = YES;
				CLANG_WARN_INT_CONVERSION = YES;
				CLANG_WARN_OBJC_ROOT_CLASS = YES_ERROR;
				CLANG_WARN_SUSPICIOUS_MOVE = YES;
				CLANG_WARN_UNREACHABLE_CODE = YES;
				CLANG_WARN__DUPLICATE_METHOD_MATCH = YES;
				"CODE_SIGN_IDENTITY[sdk=iphoneos*]" = "iPhone Developer";
				COPY_PHASE_STRIP = NO;
				DEBUG_INFORMATION_FORMAT = dwarf;
				ENABLE_STRICT_OBJC_MSGSEND = YES;
				ENABLE_TESTABILITY = YES;
				GCC_C_LANGUAGE_STANDARD = gnu99;
				GCC_DYNAMIC_NO_PIC = NO;
				GCC_NO_COMMON_BLOCKS = YES;
				GCC_OPTIMIZATION_LEVEL = 0;
				GCC_PREPROCESSOR_DEFINITIONS = (
					"DEBUG=1",
					"$(inherited)",
				);
				GCC_WARN_64_TO_32_BIT_CONVERSION = YES;
				GCC_WARN_ABOUT_RETURN_TYPE = YES_ERROR;
				GCC_WARN_UNDECLARED_SELECTOR = YES;
				GCC_WARN_UNINITIALIZED_AUTOS = YES_AGGRESSIVE;
				GCC_WARN_UNUSED_FUNCTION = YES;
				GCC_WARN_UNUSED_VARIABLE = YES;
				IPHONEOS_DEPLOYMENT_TARGET = 10.3;
				MTL_ENABLE_DEBUG_INFO = YES;
				ONLY_ACTIVE_ARCH = YES;
				SDKROOT = iphoneos;
				SWIFT_ACTIVE_COMPILATION_CONDITIONS = DEBUG;
				SWIFT_OPTIMIZATION_LEVEL = "-Onone";
			};
			name = Debug;
		};
		D97A61671ED7251E00E9E252 /* Release */ = {
			isa = XCBuildConfiguration;
			buildSettings = {
				ALWAYS_SEARCH_USER_PATHS = NO;
				CLANG_ANALYZER_NONNULL = YES;
				CLANG_ANALYZER_NUMBER_OBJECT_CONVERSION = YES_AGGRESSIVE;
				CLANG_CXX_LANGUAGE_STANDARD = "gnu++0x";
				CLANG_CXX_LIBRARY = "libc++";
				CLANG_ENABLE_MODULES = YES;
				CLANG_ENABLE_OBJC_ARC = YES;
				CLANG_WARN_BOOL_CONVERSION = YES;
				CLANG_WARN_CONSTANT_CONVERSION = YES;
				CLANG_WARN_DIRECT_OBJC_ISA_USAGE = YES_ERROR;
				CLANG_WARN_DOCUMENTATION_COMMENTS = YES;
				CLANG_WARN_EMPTY_BODY = YES;
				CLANG_WARN_ENUM_CONVERSION = YES;
				CLANG_WARN_INFINITE_RECURSION = YES;
				CLANG_WARN_INT_CONVERSION = YES;
				CLANG_WARN_OBJC_ROOT_CLASS = YES_ERROR;
				CLANG_WARN_SUSPICIOUS_MOVE = YES;
				CLANG_WARN_UNREACHABLE_CODE = YES;
				CLANG_WARN__DUPLICATE_METHOD_MATCH = YES;
				"CODE_SIGN_IDENTITY[sdk=iphoneos*]" = "iPhone Developer";
				COPY_PHASE_STRIP = NO;
				DEBUG_INFORMATION_FORMAT = "dwarf-with-dsym";
				ENABLE_NS_ASSERTIONS = NO;
				ENABLE_STRICT_OBJC_MSGSEND = YES;
				GCC_C_LANGUAGE_STANDARD = gnu99;
				GCC_NO_COMMON_BLOCKS = YES;
				GCC_WARN_64_TO_32_BIT_CONVERSION = YES;
				GCC_WARN_ABOUT_RETURN_TYPE = YES_ERROR;
				GCC_WARN_UNDECLARED_SELECTOR = YES;
				GCC_WARN_UNINITIALIZED_AUTOS = YES_AGGRESSIVE;
				GCC_WARN_UNUSED_FUNCTION = YES;
				GCC_WARN_UNUSED_VARIABLE = YES;
				IPHONEOS_DEPLOYMENT_TARGET = 10.3;
				MTL_ENABLE_DEBUG_INFO = NO;
				SDKROOT = iphoneos;
				SWIFT_OPTIMIZATION_LEVEL = "-Owholemodule";
				VALIDATE_PRODUCT = YES;
			};
			name = Release;
		};
		D97A61691ED7251E00E9E252 /* Debug */ = {
			isa = XCBuildConfiguration;
			buildSettings = {
				ASSETCATALOG_COMPILER_APPICON_NAME = AppIcon;
				DEVELOPMENT_TEAM = AX766J88NA;
				INFOPLIST_FILE = TouchId/Info.plist;
				LD_RUNPATH_SEARCH_PATHS = "$(inherited) @executable_path/Frameworks";
				PRODUCT_BUNDLE_IDENTIFIER = com.narendra.TouchId;
				PRODUCT_NAME = "$(TARGET_NAME)";
				SWIFT_VERSION = 3.0;
			};
			name = Debug;
		};
		D97A616A1ED7251E00E9E252 /* Release */ = {
			isa = XCBuildConfiguration;
			buildSettings = {
				ASSETCATALOG_COMPILER_APPICON_NAME = AppIcon;
				DEVELOPMENT_TEAM = AX766J88NA;
				INFOPLIST_FILE = TouchId/Info.plist;
				LD_RUNPATH_SEARCH_PATHS = "$(inherited) @executable_path/Frameworks";
				PRODUCT_BUNDLE_IDENTIFIER = com.narendra.TouchId;
				PRODUCT_NAME = "$(TARGET_NAME)";
				SWIFT_VERSION = 3.0;
			};
			name = Release;
		};
/* End XCBuildConfiguration section */

/* Begin XCConfigurationList section */
		D97A61511ED7251E00E9E252 /* Build configuration list for PBXProject "TouchId" */ = {
			isa = XCConfigurationList;
			buildConfigurations = (
				D97A61661ED7251E00E9E252 /* Debug */,
				D97A61671ED7251E00E9E252 /* Release */,
			);
			defaultConfigurationIsVisible = 0;
			defaultConfigurationName = Release;
		};
		D97A61681ED7251E00E9E252 /* Build configuration list for PBXNativeTarget "TouchId" */ = {
			isa = XCConfigurationList;
			buildConfigurations = (
				D97A61691ED7251E00E9E252 /* Debug */,
				D97A616A1ED7251E00E9E252 /* Release */,
			);
			defaultConfigurationIsVisible = 0;
		};
/* End XCConfigurationList section */
	};
	rootObject = D97A614E1ED7251E00E9E252 /* Project object */;
}
